
Microsoft Visual Studio Solution File, Format Version 12.00
# Visual Studio Version 17
VisualStudioVersion = 17.14.36203.30 d17.14
MinimumVisualStudioVersion = 10.0.40219.1
Project("{FAE04EC0-301F-11D3-BF4B-00C04F79EFBC}") = "BackupConfigurator", "BackupConfigurator.csproj", "{E67BCCC4-4F2F-4777-97DB-957EEAF23CC9}"
EndProject
Global
	GlobalSection(SolutionConfigurationPlatforms) = preSolution
		Debug|Any CPU = Debug|Any CPU
		Release|Any CPU = Release|Any CPU
	EndGlobalSection
	GlobalSection(ProjectConfigurationPlatforms) = postSolution
		{E67BCCC4-4F2F-4777-97DB-957EEAF23CC9}.Debug|Any CPU.ActiveCfg = Debug|Any CPU
		{E67BCCC4-4F2F-4777-97DB-957EEAF23CC9}.Debug|Any CPU.Build.0 = Debug|Any CPU
		{E67BCCC4-4F2F-4777-97DB-957EEAF23CC9}.Release|Any CPU.ActiveCfg = Release|Any CPU
		{E67BCCC4-4F2F-4777-97DB-957EEAF23CC9}.Release|Any CPU.Build.0 = Release|Any CPU
	EndGlobalSection
	GlobalSection(SolutionProperties) = preSolution
		HideSolutionNode = FALSE
	EndGlobalSection
	GlobalSection(ExtensibilityGlobals) = postSolution
		SolutionGuid = {3FBBA42E-0920-4B2E-B50E-DB419FBCCF40}
	EndGlobalSection
EndGlobal
